
Microsoft Visual Studio Solution File, Format Version 12.00
# Visual Studio Version 17
VisualStudioVersion = 17.6.33815.320
MinimumVisualStudioVersion = 10.0.40219.1
Project("{9A19103F-16F7-4668-BE54-9A1E7A4F7556}") = "company.web", "company.web.csproj", "{4221F761-1E92-4C49-8ACB-90835B8FC486}"
	ProjectSection(ProjectDependencies) = postProject
		{5A2A1590-A129-45E9-AD4A-CD90B45CFAC9} = {5A2A1590-A129-45E9-AD4A-CD90B45CFAC9}
	EndProjectSection
EndProject
Project("{FAE04EC0-301F-11D3-BF4B-00C04F79EFBC}") = "Company.Data", "..\Company.Data\Company.Data.csproj", "{5A2A1590-A129-45E9-AD4A-CD90B45CFAC9}"
EndProject
Project("{FAE04EC0-301F-11D3-BF4B-00C04F79EFBC}") = "Company.repository", "..\Company.repository\Company.repository.csproj", "{45D08819-ECAE-4101-9774-AE3C01D714B4}"
EndProject
Project("{FAE04EC0-301F-11D3-BF4B-00C04F79EFBC}") = "Company.Services", "..\Company.Services\Company.Services.csproj", "{263D408D-75B5-4FB6-ACE4-41748DE619FF}"
EndProject
Global
	GlobalSection(SolutionConfigurationPlatforms) = preSolution
		Debug|Any CPU = Debug|Any CPU
		Release|Any CPU = Release|Any CPU
	EndGlobalSection
	GlobalSection(ProjectConfigurationPlatforms) = postSolution
		{4221F761-1E92-4C49-8ACB-90835B8FC486}.Debug|Any CPU.ActiveCfg = Debug|Any CPU
		{4221F761-1E92-4C49-8ACB-90835B8FC486}.Debug|Any CPU.Build.0 = Debug|Any CPU
		{4221F761-1E92-4C49-8ACB-90835B8FC486}.Release|Any CPU.ActiveCfg = Release|Any CPU
		{4221F761-1E92-4C49-8ACB-90835B8FC486}.Release|Any CPU.Build.0 = Release|Any CPU
		{5A2A1590-A129-45E9-AD4A-CD90B45CFAC9}.Debug|Any CPU.ActiveCfg = Debug|Any CPU
		{5A2A1590-A129-45E9-AD4A-CD90B45CFAC9}.Debug|Any CPU.Build.0 = Debug|Any CPU
		{5A2A1590-A129-45E9-AD4A-CD90B45CFAC9}.Release|Any CPU.ActiveCfg = Release|Any CPU
		{5A2A1590-A129-45E9-AD4A-CD90B45CFAC9}.Release|Any CPU.Build.0 = Release|Any CPU
		{45D08819-ECAE-4101-9774-AE3C01D714B4}.Debug|Any CPU.ActiveCfg = Debug|Any CPU
		{45D08819-ECAE-4101-9774-AE3C01D714B4}.Debug|Any CPU.Build.0 = Debug|Any CPU
		{45D08819-ECAE-4101-9774-AE3C01D714B4}.Release|Any CPU.ActiveCfg = Release|Any CPU
		{45D08819-ECAE-4101-9774-AE3C01D714B4}.Release|Any CPU.Build.0 = Release|Any CPU
		{263D408D-75B5-4FB6-ACE4-41748DE619FF}.Debug|Any CPU.ActiveCfg = Debug|Any CPU
		{263D408D-75B5-4FB6-ACE4-41748DE619FF}.Debug|Any CPU.Build.0 = Debug|Any CPU
		{263D408D-75B5-4FB6-ACE4-41748DE619FF}.Release|Any CPU.ActiveCfg = Release|Any CPU
		{263D408D-75B5-4FB6-ACE4-41748DE619FF}.Release|Any CPU.Build.0 = Release|Any CPU
	EndGlobalSection
	GlobalSection(SolutionProperties) = preSolution
		HideSolutionNode = FALSE
	EndGlobalSection
	GlobalSection(ExtensibilityGlobals) = postSolution
		SolutionGuid = {478A9C5F-EE68-4C8E-83DD-F8FFA215E781}
	EndGlobalSection
EndGlobal
